{
  "version": 4,
  "terraform_version": "1.13.1",
  "serial": 3,
  "lineage": "f2280179-3af8-2f0c-8f11-7b688b99672c",
  "outputs": {},
  "resources": [
    {
      "module": "module.project",
      "mode": "data",
      "type": "google_billing_account",
      "name": "acct",
      "provider": "provider[\"registry.terraform.io/hashicorp/google\"]",
      "instances": [
        {
          "schema_version": 0,
          "attributes": {
            "billing_account": null,
            "currency_code": "USD",
            "display_name": "My Billing Account",
            "id": "0147B7-2560AC-CA1A2B",
            "lookup_projects": true,
            "name": "billingAccounts/0147B7-2560AC-CA1A2B",
            "open": true,
            "project_ids": [
              "besho-project",
              "glassy-compiler-473316-k8"
            ]
          },
          "sensitive_attributes": [],
          "identity_schema_version": 0
        }
      ]
    },
    {
      "module": "module.project",
      "mode": "managed",
      "type": "google_project",
      "name": "my_project",
      "provider": "provider[\"registry.terraform.io/hashicorp/google\"]",
      "instances": [
        {
          "schema_version": 1,
          "attributes": {
            "auto_create_network": true,
            "billing_account": "0147B7-2560AC-CA1A2B",
            "deletion_policy": "PREVENT",
            "effective_labels": {
              "goog-terraform-provisioned": "true"
            },
            "folder_id": null,
            "id": "projects/tf-automation-by-ali-and-besho",
            "labels": null,
            "name": "terraform-automation",
            "number": "385820138331",
            "org_id": null,
            "project_id": "tf-automation-by-ali-and-besho",
            "tags": null,
            "terraform_labels": {
              "goog-terraform-provisioned": "true"
            },
            "timeouts": null
          },
          "sensitive_attributes": [],
          "identity_schema_version": 0,
          "private": "eyJlMmJmYjczMC1lY2FhLTExZTYtOGY4OC0zNDM2M2JjN2M0YzAiOnsiY3JlYXRlIjo2MDAwMDAwMDAwMDAsImRlbGV0ZSI6NjAwMDAwMDAwMDAwLCJyZWFkIjo2MDAwMDAwMDAwMDAsInVwZGF0ZSI6NjAwMDAwMDAwMDAwfSwic2NoZW1hX3ZlcnNpb24iOiIxIn0=",
          "dependencies": [
            "module.project.data.google_billing_account.acct"
          ]
        }
      ]
    }
  ],
  "check_results": null
}
